
Microsoft Visual Studio Solution File, Format Version 12.00
# Visual Studio Version 17
VisualStudioVersion = 17.0.32112.339
MinimumVisualStudioVersion = 10.0.40219.1
Project("{9A19103F-16F7-4668-BE54-9A1E7A4F7556}") = "Grotto Information 2022 WPF", "Grotto Information 2022 WPF\Grotto Information 2022 WPF.csproj", "{DE914710-FE87-4EB2-933F-014B6DF2C3AF}"
EndProject
Global
	GlobalSection(SolutionConfigurationPlatforms) = preSolution
		Debug|Any CPU = Debug|Any CPU
		Release|Any CPU = Release|Any CPU
	EndGlobalSection
	GlobalSection(ProjectConfigurationPlatforms) = postSolution
		{DE914710-FE87-4EB2-933F-014B6DF2C3AF}.Debug|Any CPU.ActiveCfg = Debug|Any CPU
		{DE914710-FE87-4EB2-933F-014B6DF2C3AF}.Debug|Any CPU.Build.0 = Debug|Any CPU
		{DE914710-FE87-4EB2-933F-014B6DF2C3AF}.Release|Any CPU.ActiveCfg = Release|Any CPU
		{DE914710-FE87-4EB2-933F-014B6DF2C3AF}.Release|Any CPU.Build.0 = Release|Any CPU
	EndGlobalSection
	GlobalSection(SolutionProperties) = preSolution
		HideSolutionNode = FALSE
	EndGlobalSection
	GlobalSection(ExtensibilityGlobals) = postSolution
		SolutionGuid = {A802D3FA-3D6A-4A4A-BD5A-D6BCC51C45DF}
	EndGlobalSection
EndGlobal
